
Microsoft Visual Studio Solution File, Format Version 12.00
# Visual Studio Version 17
VisualStudioVersion = 17.0.31919.166
MinimumVisualStudioVersion = 10.0.40219.1
Project("{8BC9CEB8-8B4A-11D0-8D11-00A0C91BC942}") = "chess_sq", "ClassEdu10\ClassEdu10.vcxproj", "{179D626A-119D-456F-9AE4-5E8DC0F72840}"
EndProject
Project("{2150E333-8FDC-42A3-9474-1A3956D46DE8}") = "17 lesson", "17 lesson", "{4E7BD4D3-6268-4EAE-A637-5F508A76C565}"
EndProject
Project("{8BC9CEB8-8B4A-11D0-8D11-00A0C91BC942}") = "formatter", "formatter\formatter.vcxproj", "{D3686773-1AE5-42BA-A192-274E3D02359D}"
EndProject
Project("{2150E333-8FDC-42A3-9474-1A3956D46DE8}") = "16 lesson", "16 lesson", "{9E627FD0-10E9-41F8-A008-18100CC3A805}"
EndProject
Project("{2150E333-8FDC-42A3-9474-1A3956D46DE8}") = "18 lesson", "18 lesson", "{65178BCD-9F09-455D-B7FA-E41DEB36C8F5}"
EndProject
Project("{8BC9CEB8-8B4A-11D0-8D11-00A0C91BC942}") = "TicTackToe", "TicTackToe\TicTackToe.vcxproj", "{7A2CC198-110C-4509-9E5A-5F2F8F9F04FA}"
EndProject
Project("{8BC9CEB8-8B4A-11D0-8D11-00A0C91BC942}") = "samples18", "samples18\samples18.vcxproj", "{752CE051-F28F-411A-9005-BB2655DEF5DC}"
EndProject
Project("{2150E333-8FDC-42A3-9474-1A3956D46DE8}") = "19 lesson", "19 lesson", "{33B4AB70-BC05-4240-8815-A76208199A01}"
EndProject
Project("{8BC9CEB8-8B4A-11D0-8D11-00A0C91BC942}") = "samples19", "samples19\samples19.vcxproj", "{57F772AE-F7D0-411F-BB9D-18DEAA5CDD08}"
EndProject
Project("{2150E333-8FDC-42A3-9474-1A3956D46DE8}") = "21 lesson", "21 lesson", "{EAC824D6-1EBF-4998-8E4A-E14DB0158DD7}"
EndProject
Project("{8BC9CEB8-8B4A-11D0-8D11-00A0C91BC942}") = "samples21", "samples21\samples21.vcxproj", "{382E4ED1-0382-4657-AFB1-E89AFCF90700}"
EndProject
Project("{2150E333-8FDC-42A3-9474-1A3956D46DE8}") = "22 lesson", "22 lesson", "{B4C2D54A-1A3F-458A-8ADA-A540D590CD5E}"
EndProject
Project("{8BC9CEB8-8B4A-11D0-8D11-00A0C91BC942}") = "vis22ex", "vis22ex\vis22ex.vcxproj", "{445966EC-25F1-4976-89AA-040904E725F4}"
EndProject
Project("{8BC9CEB8-8B4A-11D0-8D11-00A0C91BC942}") = "Logger", "Logger\Logger.vcxproj", "{01AEC8A0-B9A3-4998-BD40-F0EAFD123EF3}"
EndProject
Project("{2150E333-8FDC-42A3-9474-1A3956D46DE8}") = "23 lesson", "23 lesson", "{AAC79D53-AA8F-4556-8B2C-9C86E8D1A724}"
EndProject
Project("{8BC9CEB8-8B4A-11D0-8D11-00A0C91BC942}") = "vis23", "vis23\vis23.vcxproj", "{26C63B44-D5B6-4FFE-BEE0-789671EC45F2}"
EndProject
Project("{2150E333-8FDC-42A3-9474-1A3956D46DE8}") = "24 lesson", "24 lesson", "{201F9C5E-F7E3-488D-B1A5-A12F5106B52F}"
EndProject
Project("{8BC9CEB8-8B4A-11D0-8D11-00A0C91BC942}") = "vis24", "vis24\vis24.vcxproj", "{7BAC2EC9-D473-44F3-B503-3B0B80EA26E4}"
EndProject
Project("{8BC9CEB8-8B4A-11D0-8D11-00A0C91BC942}") = "probs24", "editor\editor.vcxproj", "{665CC2D3-990D-4444-AF34-3537FAEBB0C7}"
EndProject
Project("{2150E333-8FDC-42A3-9474-1A3956D46DE8}") = "25 lesson", "25 lesson", "{49114BA4-1314-485C-88EB-306846D547BF}"
EndProject
Project("{8BC9CEB8-8B4A-11D0-8D11-00A0C91BC942}") = "vis25", "vis25\vis25.vcxproj", "{635ED187-3B38-43D8-A6DE-72B289EDAED5}"
EndProject
Project("{2150E333-8FDC-42A3-9474-1A3956D46DE8}") = "26 lesson", "26 lesson", "{556B4ECD-D7F7-42B6-913D-DCF395B14599}"
EndProject
Project("{8BC9CEB8-8B4A-11D0-8D11-00A0C91BC942}") = "vis26", "vis26\vis26.vcxproj", "{3F65DD02-4128-4155-8B23-FB48F1CFE4E2}"
EndProject
Project("{2150E333-8FDC-42A3-9474-1A3956D46DE8}") = "27 lesson", "27 lesson", "{2E771EF6-1800-40EF-AE36-369D48A37471}"
EndProject
Project("{8BC9CEB8-8B4A-11D0-8D11-00A0C91BC942}") = "samples27", "samples27\samples27.vcxproj", "{6D346DF5-8CC7-49E5-AE2B-D3EDC6271624}"
EndProject
Project("{8BC9CEB8-8B4A-11D0-8D11-00A0C91BC942}") = "26tasks", "26tasks\26tasks.vcxproj", "{BE51E142-9BBD-4D16-8936-2BC8243185A1}"
EndProject
Project("{2150E333-8FDC-42A3-9474-1A3956D46DE8}") = "29 lesson", "29 lesson", "{EA57C6A6-42F5-402F-A417-EEE9F42BE6B9}"
EndProject
Project("{9A19103F-16F7-4668-BE54-9A1E7A4F7556}") = "smaples29", "smaples29\smaples29.csproj", "{A11FFFB7-CAA6-4310-BB19-C487D5D76F3B}"
EndProject
Project("{8BC9CEB8-8B4A-11D0-8D11-00A0C91BC942}") = "snake", "snake\snake.vcxproj", "{2AEF7868-4FCA-442E-92F0-79E8D79A0260}"
EndProject
Project("{8BC9CEB8-8B4A-11D0-8D11-00A0C91BC942}") = "snakepr", "snakepr\snakepr.vcxproj", "{0EA1ECB8-BBF5-465B-A849-CE56E5121BE6}"
EndProject
Project("{8BC9CEB8-8B4A-11D0-8D11-00A0C91BC942}") = "01 lesson", "lesson01\lesson01.vcxproj", "{48427E2C-D13D-4F66-8B9A-DDD535AC5457}"
EndProject
Project("{2150E333-8FDC-42A3-9474-1A3956D46DE8}") = "02 lesson", "02 lesson", "{28B4A6E9-E4CF-4FBC-A53B-097BA845F761}"
EndProject
Project("{8BC9CEB8-8B4A-11D0-8D11-00A0C91BC942}") = "vis02", "vis02\vis02.vcxproj", "{08B7F58E-BE72-44B0-AFBE-AC914F76D080}"
EndProject
Project("{8BC9CEB8-8B4A-11D0-8D11-00A0C91BC942}") = "03 lesson", "03 lesson\03 lesson.vcxproj", "{D19ABC87-51A3-4F20-AA0C-BF1388F7796D}"
EndProject
Project("{8BC9CEB8-8B4A-11D0-8D11-00A0C91BC942}") = "05 lesson", "05 lesson\05 lesson.vcxproj", "{4764BA45-1813-4409-8C73-78450FF2A48C}"
EndProject
Project("{8BC9CEB8-8B4A-11D0-8D11-00A0C91BC942}") = "06 lesson", "06 lesson\06 lesson.vcxproj", "{8B209A5F-085C-4DF1-B104-885F50F99FC9}"
EndProject
Global
	GlobalSection(SolutionConfigurationPlatforms) = preSolution
		Debug|Any CPU = Debug|Any CPU
		Debug|x64 = Debug|x64
		Debug|x86 = Debug|x86
		Release|Any CPU = Release|Any CPU
		Release|x64 = Release|x64
		Release|x86 = Release|x86
	EndGlobalSection
	GlobalSection(ProjectConfigurationPlatforms) = postSolution
		{179D626A-119D-456F-9AE4-5E8DC0F72840}.Debug|Any CPU.ActiveCfg = Debug|Win32
		{179D626A-119D-456F-9AE4-5E8DC0F72840}.Debug|x64.ActiveCfg = Debug|x64
		{179D626A-119D-456F-9AE4-5E8DC0F72840}.Debug|x64.Build.0 = Debug|x64
		{179D626A-119D-456F-9AE4-5E8DC0F72840}.Debug|x86.ActiveCfg = Debug|Win32
		{179D626A-119D-456F-9AE4-5E8DC0F72840}.Debug|x86.Build.0 = Debug|Win32
		{179D626A-119D-456F-9AE4-5E8DC0F72840}.Release|Any CPU.ActiveCfg = Release|Win32
		{179D626A-119D-456F-9AE4-5E8DC0F72840}.Release|x64.ActiveCfg = Release|x64
		{179D626A-119D-456F-9AE4-5E8DC0F72840}.Release|x64.Build.0 = Release|x64
		{179D626A-119D-456F-9AE4-5E8DC0F72840}.Release|x86.ActiveCfg = Release|Win32
		{179D626A-119D-456F-9AE4-5E8DC0F72840}.Release|x86.Build.0 = Release|Win32
		{D3686773-1AE5-42BA-A192-274E3D02359D}.Debug|Any CPU.ActiveCfg = Debug|Win32
		{D3686773-1AE5-42BA-A192-274E3D02359D}.Debug|x64.ActiveCfg = Debug|x64
		{D3686773-1AE5-42BA-A192-274E3D02359D}.Debug|x64.Build.0 = Debug|x64
		{D3686773-1AE5-42BA-A192-274E3D02359D}.Debug|x86.ActiveCfg = Debug|Win32
		{D3686773-1AE5-42BA-A192-274E3D02359D}.Debug|x86.Build.0 = Debug|Win32
		{D3686773-1AE5-42BA-A192-274E3D02359D}.Release|Any CPU.ActiveCfg = Release|Win32
		{D3686773-1AE5-42BA-A192-274E3D02359D}.Release|x64.ActiveCfg = Release|x64
		{D3686773-1AE5-42BA-A192-274E3D02359D}.Release|x64.Build.0 = Release|x64
		{D3686773-1AE5-42BA-A192-274E3D02359D}.Release|x86.ActiveCfg = Release|Win32
		{D3686773-1AE5-42BA-A192-274E3D02359D}.Release|x86.Build.0 = Release|Win32
		{7A2CC198-110C-4509-9E5A-5F2F8F9F04FA}.Debug|Any CPU.ActiveCfg = Debug|Win32
		{7A2CC198-110C-4509-9E5A-5F2F8F9F04FA}.Debug|x64.ActiveCfg = Debug|x64
		{7A2CC198-110C-4509-9E5A-5F2F8F9F04FA}.Debug|x64.Build.0 = Debug|x64
		{7A2CC198-110C-4509-9E5A-5F2F8F9F04FA}.Debug|x86.ActiveCfg = Debug|Win32
		{7A2CC198-110C-4509-9E5A-5F2F8F9F04FA}.Debug|x86.Build.0 = Debug|Win32
		{7A2CC198-110C-4509-9E5A-5F2F8F9F04FA}.Release|Any CPU.ActiveCfg = Release|Win32
		{7A2CC198-110C-4509-9E5A-5F2F8F9F04FA}.Release|x64.ActiveCfg = Release|x64
		{7A2CC198-110C-4509-9E5A-5F2F8F9F04FA}.Release|x64.Build.0 = Release|x64
		{7A2CC198-110C-4509-9E5A-5F2F8F9F04FA}.Release|x86.ActiveCfg = Release|Win32
		{7A2CC198-110C-4509-9E5A-5F2F8F9F04FA}.Release|x86.Build.0 = Release|Win32
		{752CE051-F28F-411A-9005-BB2655DEF5DC}.Debug|Any CPU.ActiveCfg = Debug|Win32
		{752CE051-F28F-411A-9005-BB2655DEF5DC}.Debug|x64.ActiveCfg = Debug|x64
		{752CE051-F28F-411A-9005-BB2655DEF5DC}.Debug|x64.Build.0 = Debug|x64
		{752CE051-F28F-411A-9005-BB2655DEF5DC}.Debug|x86.ActiveCfg = Debug|Win32
		{752CE051-F28F-411A-9005-BB2655DEF5DC}.Debug|x86.Build.0 = Debug|Win32
		{752CE051-F28F-411A-9005-BB2655DEF5DC}.Release|Any CPU.ActiveCfg = Release|Win32
		{752CE051-F28F-411A-9005-BB2655DEF5DC}.Release|x64.ActiveCfg = Release|x64
		{752CE051-F28F-411A-9005-BB2655DEF5DC}.Release|x64.Build.0 = Release|x64
		{752CE051-F28F-411A-9005-BB2655DEF5DC}.Release|x86.ActiveCfg = Release|Win32
		{752CE051-F28F-411A-9005-BB2655DEF5DC}.Release|x86.Build.0 = Release|Win32
		{57F772AE-F7D0-411F-BB9D-18DEAA5CDD08}.Debug|Any CPU.ActiveCfg = Debug|Win32
		{57F772AE-F7D0-411F-BB9D-18DEAA5CDD08}.Debug|x64.ActiveCfg = Debug|x64
		{57F772AE-F7D0-411F-BB9D-18DEAA5CDD08}.Debug|x64.Build.0 = Debug|x64
		{57F772AE-F7D0-411F-BB9D-18DEAA5CDD08}.Debug|x86.ActiveCfg = Debug|Win32
		{57F772AE-F7D0-411F-BB9D-18DEAA5CDD08}.Debug|x86.Build.0 = Debug|Win32
		{57F772AE-F7D0-411F-BB9D-18DEAA5CDD08}.Release|Any CPU.ActiveCfg = Release|Win32
		{57F772AE-F7D0-411F-BB9D-18DEAA5CDD08}.Release|x64.ActiveCfg = Release|x64
		{57F772AE-F7D0-411F-BB9D-18DEAA5CDD08}.Release|x64.Build.0 = Release|x64
		{57F772AE-F7D0-411F-BB9D-18DEAA5CDD08}.Release|x86.ActiveCfg = Release|Win32
		{57F772AE-F7D0-411F-BB9D-18DEAA5CDD08}.Release|x86.Build.0 = Release|Win32
		{382E4ED1-0382-4657-AFB1-E89AFCF90700}.Debug|Any CPU.ActiveCfg = Debug|Win32
		{382E4ED1-0382-4657-AFB1-E89AFCF90700}.Debug|x64.ActiveCfg = Debug|x64
		{382E4ED1-0382-4657-AFB1-E89AFCF90700}.Debug|x64.Build.0 = Debug|x64
		{382E4ED1-0382-4657-AFB1-E89AFCF90700}.Debug|x86.ActiveCfg = Debug|Win32
		{382E4ED1-0382-4657-AFB1-E89AFCF90700}.Debug|x86.Build.0 = Debug|Win32
		{382E4ED1-0382-4657-AFB1-E89AFCF90700}.Release|Any CPU.ActiveCfg = Release|Win32
		{382E4ED1-0382-4657-AFB1-E89AFCF90700}.Release|x64.ActiveCfg = Release|x64
		{382E4ED1-0382-4657-AFB1-E89AFCF90700}.Release|x64.Build.0 = Release|x64
		{382E4ED1-0382-4657-AFB1-E89AFCF90700}.Release|x86.ActiveCfg = Release|Win32
		{382E4ED1-0382-4657-AFB1-E89AFCF90700}.Release|x86.Build.0 = Release|Win32
		{445966EC-25F1-4976-89AA-040904E725F4}.Debug|Any CPU.ActiveCfg = Debug|Win32
		{445966EC-25F1-4976-89AA-040904E725F4}.Debug|x64.ActiveCfg = Debug|x64
		{445966EC-25F1-4976-89AA-040904E725F4}.Debug|x64.Build.0 = Debug|x64
		{445966EC-25F1-4976-89AA-040904E725F4}.Debug|x86.ActiveCfg = Debug|Win32
		{445966EC-25F1-4976-89AA-040904E725F4}.Debug|x86.Build.0 = Debug|Win32
		{445966EC-25F1-4976-89AA-040904E725F4}.Release|Any CPU.ActiveCfg = Release|Win32
		{445966EC-25F1-4976-89AA-040904E725F4}.Release|x64.ActiveCfg = Release|x64
		{445966EC-25F1-4976-89AA-040904E725F4}.Release|x64.Build.0 = Release|x64
		{445966EC-25F1-4976-89AA-040904E725F4}.Release|x86.ActiveCfg = Release|Win32
		{445966EC-25F1-4976-89AA-040904E725F4}.Release|x86.Build.0 = Release|Win32
		{01AEC8A0-B9A3-4998-BD40-F0EAFD123EF3}.Debug|Any CPU.ActiveCfg = Debug|Win32
		{01AEC8A0-B9A3-4998-BD40-F0EAFD123EF3}.Debug|x64.ActiveCfg = Debug|x64
		{01AEC8A0-B9A3-4998-BD40-F0EAFD123EF3}.Debug|x64.Build.0 = Debug|x64
		{01AEC8A0-B9A3-4998-BD40-F0EAFD123EF3}.Debug|x86.ActiveCfg = Debug|Win32
		{01AEC8A0-B9A3-4998-BD40-F0EAFD123EF3}.Debug|x86.Build.0 = Debug|Win32
		{01AEC8A0-B9A3-4998-BD40-F0EAFD123EF3}.Release|Any CPU.ActiveCfg = Release|Win32
		{01AEC8A0-B9A3-4998-BD40-F0EAFD123EF3}.Release|x64.ActiveCfg = Release|x64
		{01AEC8A0-B9A3-4998-BD40-F0EAFD123EF3}.Release|x64.Build.0 = Release|x64
		{01AEC8A0-B9A3-4998-BD40-F0EAFD123EF3}.Release|x86.ActiveCfg = Release|Win32
		{01AEC8A0-B9A3-4998-BD40-F0EAFD123EF3}.Release|x86.Build.0 = Release|Win32
		{26C63B44-D5B6-4FFE-BEE0-789671EC45F2}.Debug|Any CPU.ActiveCfg = Debug|Win32
		{26C63B44-D5B6-4FFE-BEE0-789671EC45F2}.Debug|x64.ActiveCfg = Debug|x64
		{26C63B44-D5B6-4FFE-BEE0-789671EC45F2}.Debug|x64.Build.0 = Debug|x64
		{26C63B44-D5B6-4FFE-BEE0-789671EC45F2}.Debug|x86.ActiveCfg = Debug|Win32
		{26C63B44-D5B6-4FFE-BEE0-789671EC45F2}.Debug|x86.Build.0 = Debug|Win32
		{26C63B44-D5B6-4FFE-BEE0-789671EC45F2}.Release|Any CPU.ActiveCfg = Release|Win32
		{26C63B44-D5B6-4FFE-BEE0-789671EC45F2}.Release|x64.ActiveCfg = Release|x64
		{26C63B44-D5B6-4FFE-BEE0-789671EC45F2}.Release|x64.Build.0 = Release|x64
		{26C63B44-D5B6-4FFE-BEE0-789671EC45F2}.Release|x86.ActiveCfg = Release|Win32
		{26C63B44-D5B6-4FFE-BEE0-789671EC45F2}.Release|x86.Build.0 = Release|Win32
		{7BAC2EC9-D473-44F3-B503-3B0B80EA26E4}.Debug|Any CPU.ActiveCfg = Debug|Win32
		{7BAC2EC9-D473-44F3-B503-3B0B80EA26E4}.Debug|x64.ActiveCfg = Debug|x64
		{7BAC2EC9-D473-44F3-B503-3B0B80EA26E4}.Debug|x64.Build.0 = Debug|x64
		{7BAC2EC9-D473-44F3-B503-3B0B80EA26E4}.Debug|x86.ActiveCfg = Debug|Win32
		{7BAC2EC9-D473-44F3-B503-3B0B80EA26E4}.Debug|x86.Build.0 = Debug|Win32
		{7BAC2EC9-D473-44F3-B503-3B0B80EA26E4}.Release|Any CPU.ActiveCfg = Release|Win32
		{7BAC2EC9-D473-44F3-B503-3B0B80EA26E4}.Release|x64.ActiveCfg = Release|x64
		{7BAC2EC9-D473-44F3-B503-3B0B80EA26E4}.Release|x64.Build.0 = Release|x64
		{7BAC2EC9-D473-44F3-B503-3B0B80EA26E4}.Release|x86.ActiveCfg = Release|Win32
		{7BAC2EC9-D473-44F3-B503-3B0B80EA26E4}.Release|x86.Build.0 = Release|Win32
		{665CC2D3-990D-4444-AF34-3537FAEBB0C7}.Debug|Any CPU.ActiveCfg = Debug|Win32
		{665CC2D3-990D-4444-AF34-3537FAEBB0C7}.Debug|x64.ActiveCfg = Debug|x64
		{665CC2D3-990D-4444-AF34-3537FAEBB0C7}.Debug|x64.Build.0 = Debug|x64
		{665CC2D3-990D-4444-AF34-3537FAEBB0C7}.Debug|x86.ActiveCfg = Debug|Win32
		{665CC2D3-990D-4444-AF34-3537FAEBB0C7}.Debug|x86.Build.0 = Debug|Win32
		{665CC2D3-990D-4444-AF34-3537FAEBB0C7}.Release|Any CPU.ActiveCfg = Release|Win32
		{665CC2D3-990D-4444-AF34-3537FAEBB0C7}.Release|x64.ActiveCfg = Release|x64
		{665CC2D3-990D-4444-AF34-3537FAEBB0C7}.Release|x64.Build.0 = Release|x64
		{665CC2D3-990D-4444-AF34-3537FAEBB0C7}.Release|x86.ActiveCfg = Release|Win32
		{665CC2D3-990D-4444-AF34-3537FAEBB0C7}.Release|x86.Build.0 = Release|Win32
		{635ED187-3B38-43D8-A6DE-72B289EDAED5}.Debug|Any CPU.ActiveCfg = Debug|Win32
		{635ED187-3B38-43D8-A6DE-72B289EDAED5}.Debug|x64.ActiveCfg = Debug|x64
		{635ED187-3B38-43D8-A6DE-72B289EDAED5}.Debug|x64.Build.0 = Debug|x64
		{635ED187-3B38-43D8-A6DE-72B289EDAED5}.Debug|x86.ActiveCfg = Debug|Win32
		{635ED187-3B38-43D8-A6DE-72B289EDAED5}.Debug|x86.Build.0 = Debug|Win32
		{635ED187-3B38-43D8-A6DE-72B289EDAED5}.Release|Any CPU.ActiveCfg = Release|Win32
		{635ED187-3B38-43D8-A6DE-72B289EDAED5}.Release|x64.ActiveCfg = Release|x64
		{635ED187-3B38-43D8-A6DE-72B289EDAED5}.Release|x64.Build.0 = Release|x64
		{635ED187-3B38-43D8-A6DE-72B289EDAED5}.Release|x86.ActiveCfg = Release|Win32
		{635ED187-3B38-43D8-A6DE-72B289EDAED5}.Release|x86.Build.0 = Release|Win32
		{3F65DD02-4128-4155-8B23-FB48F1CFE4E2}.Debug|Any CPU.ActiveCfg = Debug|Win32
		{3F65DD02-4128-4155-8B23-FB48F1CFE4E2}.Debug|x64.ActiveCfg = Debug|x64
		{3F65DD02-4128-4155-8B23-FB48F1CFE4E2}.Debug|x64.Build.0 = Debug|x64
		{3F65DD02-4128-4155-8B23-FB48F1CFE4E2}.Debug|x86.ActiveCfg = Debug|Win32
		{3F65DD02-4128-4155-8B23-FB48F1CFE4E2}.Debug|x86.Build.0 = Debug|Win32
		{3F65DD02-4128-4155-8B23-FB48F1CFE4E2}.Release|Any CPU.ActiveCfg = Release|Win32
		{3F65DD02-4128-4155-8B23-FB48F1CFE4E2}.Release|x64.ActiveCfg = Release|x64
		{3F65DD02-4128-4155-8B23-FB48F1CFE4E2}.Release|x64.Build.0 = Release|x64
		{3F65DD02-4128-4155-8B23-FB48F1CFE4E2}.Release|x86.ActiveCfg = Release|Win32
		{3F65DD02-4128-4155-8B23-FB48F1CFE4E2}.Release|x86.Build.0 = Release|Win32
		{6D346DF5-8CC7-49E5-AE2B-D3EDC6271624}.Debug|Any CPU.ActiveCfg = Debug|Win32
		{6D346DF5-8CC7-49E5-AE2B-D3EDC6271624}.Debug|x64.ActiveCfg = Debug|x64
		{6D346DF5-8CC7-49E5-AE2B-D3EDC6271624}.Debug|x64.Build.0 = Debug|x64
		{6D346DF5-8CC7-49E5-AE2B-D3EDC6271624}.Debug|x86.ActiveCfg = Debug|Win32
		{6D346DF5-8CC7-49E5-AE2B-D3EDC6271624}.Debug|x86.Build.0 = Debug|Win32
		{6D346DF5-8CC7-49E5-AE2B-D3EDC6271624}.Release|Any CPU.ActiveCfg = Release|Win32
		{6D346DF5-8CC7-49E5-AE2B-D3EDC6271624}.Release|x64.ActiveCfg = Release|x64
		{6D346DF5-8CC7-49E5-AE2B-D3EDC6271624}.Release|x64.Build.0 = Release|x64
		{6D346DF5-8CC7-49E5-AE2B-D3EDC6271624}.Release|x86.ActiveCfg = Release|Win32
		{6D346DF5-8CC7-49E5-AE2B-D3EDC6271624}.Release|x86.Build.0 = Release|Win32
		{BE51E142-9BBD-4D16-8936-2BC8243185A1}.Debug|Any CPU.ActiveCfg = Debug|Win32
		{BE51E142-9BBD-4D16-8936-2BC8243185A1}.Debug|x64.ActiveCfg = Debug|x64
		{BE51E142-9BBD-4D16-8936-2BC8243185A1}.Debug|x64.Build.0 = Debug|x64
		{BE51E142-9BBD-4D16-8936-2BC8243185A1}.Debug|x86.ActiveCfg = Debug|Win32
		{BE51E142-9BBD-4D16-8936-2BC8243185A1}.Debug|x86.Build.0 = Debug|Win32
		{BE51E142-9BBD-4D16-8936-2BC8243185A1}.Release|Any CPU.ActiveCfg = Release|Win32
		{BE51E142-9BBD-4D16-8936-2BC8243185A1}.Release|x64.ActiveCfg = Release|x64
		{BE51E142-9BBD-4D16-8936-2BC8243185A1}.Release|x64.Build.0 = Release|x64
		{BE51E142-9BBD-4D16-8936-2BC8243185A1}.Release|x86.ActiveCfg = Release|Win32
		{BE51E142-9BBD-4D16-8936-2BC8243185A1}.Release|x86.Build.0 = Release|Win32
		{A11FFFB7-CAA6-4310-BB19-C487D5D76F3B}.Debug|Any CPU.ActiveCfg = Debug|Any CPU
		{A11FFFB7-CAA6-4310-BB19-C487D5D76F3B}.Debug|Any CPU.Build.0 = Debug|Any CPU
		{A11FFFB7-CAA6-4310-BB19-C487D5D76F3B}.Debug|x64.ActiveCfg = Debug|Any CPU
		{A11FFFB7-CAA6-4310-BB19-C487D5D76F3B}.Debug|x64.Build.0 = Debug|Any CPU
		{A11FFFB7-CAA6-4310-BB19-C487D5D76F3B}.Debug|x86.ActiveCfg = Debug|Any CPU
		{A11FFFB7-CAA6-4310-BB19-C487D5D76F3B}.Debug|x86.Build.0 = Debug|Any CPU
		{A11FFFB7-CAA6-4310-BB19-C487D5D76F3B}.Release|Any CPU.ActiveCfg = Release|Any CPU
		{A11FFFB7-CAA6-4310-BB19-C487D5D76F3B}.Release|Any CPU.Build.0 = Release|Any CPU
		{A11FFFB7-CAA6-4310-BB19-C487D5D76F3B}.Release|x64.ActiveCfg = Release|Any CPU
		{A11FFFB7-CAA6-4310-BB19-C487D5D76F3B}.Release|x64.Build.0 = Release|Any CPU
		{A11FFFB7-CAA6-4310-BB19-C487D5D76F3B}.Release|x86.ActiveCfg = Release|Any CPU
		{A11FFFB7-CAA6-4310-BB19-C487D5D76F3B}.Release|x86.Build.0 = Release|Any CPU
		{2AEF7868-4FCA-442E-92F0-79E8D79A0260}.Debug|Any CPU.ActiveCfg = Debug|Win32
		{2AEF7868-4FCA-442E-92F0-79E8D79A0260}.Debug|x64.ActiveCfg = Debug|x64
		{2AEF7868-4FCA-442E-92F0-79E8D79A0260}.Debug|x64.Build.0 = Debug|x64
		{2AEF7868-4FCA-442E-92F0-79E8D79A0260}.Debug|x86.ActiveCfg = Debug|Win32
		{2AEF7868-4FCA-442E-92F0-79E8D79A0260}.Debug|x86.Build.0 = Debug|Win32
		{2AEF7868-4FCA-442E-92F0-79E8D79A0260}.Release|Any CPU.ActiveCfg = Release|Win32
		{2AEF7868-4FCA-442E-92F0-79E8D79A0260}.Release|x64.ActiveCfg = Release|x64
		{2AEF7868-4FCA-442E-92F0-79E8D79A0260}.Release|x64.Build.0 = Release|x64
		{2AEF7868-4FCA-442E-92F0-79E8D79A0260}.Release|x86.ActiveCfg = Release|Win32
		{2AEF7868-4FCA-442E-92F0-79E8D79A0260}.Release|x86.Build.0 = Release|Win32
		{0EA1ECB8-BBF5-465B-A849-CE56E5121BE6}.Debug|Any CPU.ActiveCfg = Debug|Win32
		{0EA1ECB8-BBF5-465B-A849-CE56E5121BE6}.Debug|x64.ActiveCfg = Debug|x64
		{0EA1ECB8-BBF5-465B-A849-CE56E5121BE6}.Debug|x64.Build.0 = Debug|x64
		{0EA1ECB8-BBF5-465B-A849-CE56E5121BE6}.Debug|x86.ActiveCfg = Debug|Win32
		{0EA1ECB8-BBF5-465B-A849-CE56E5121BE6}.Debug|x86.Build.0 = Debug|Win32
		{0EA1ECB8-BBF5-465B-A849-CE56E5121BE6}.Release|Any CPU.ActiveCfg = Release|Win32
		{0EA1ECB8-BBF5-465B-A849-CE56E5121BE6}.Release|x64.ActiveCfg = Release|x64
		{0EA1ECB8-BBF5-465B-A849-CE56E5121BE6}.Release|x64.Build.0 = Release|x64
		{0EA1ECB8-BBF5-465B-A849-CE56E5121BE6}.Release|x86.ActiveCfg = Release|Win32
		{0EA1ECB8-BBF5-465B-A849-CE56E5121BE6}.Release|x86.Build.0 = Release|Win32
		{48427E2C-D13D-4F66-8B9A-DDD535AC5457}.Debug|Any CPU.ActiveCfg = Debug|x64
		{48427E2C-D13D-4F66-8B9A-DDD535AC5457}.Debug|Any CPU.Build.0 = Debug|x64
		{48427E2C-D13D-4F66-8B9A-DDD535AC5457}.Debug|x64.ActiveCfg = Debug|x64
		{48427E2C-D13D-4F66-8B9A-DDD535AC5457}.Debug|x64.Build.0 = Debug|x64
		{48427E2C-D13D-4F66-8B9A-DDD535AC5457}.Debug|x86.ActiveCfg = Debug|Win32
		{48427E2C-D13D-4F66-8B9A-DDD535AC5457}.Debug|x86.Build.0 = Debug|Win32
		{48427E2C-D13D-4F66-8B9A-DDD535AC5457}.Release|Any CPU.ActiveCfg = Release|x64
		{48427E2C-D13D-4F66-8B9A-DDD535AC5457}.Release|Any CPU.Build.0 = Release|x64
		{48427E2C-D13D-4F66-8B9A-DDD535AC5457}.Release|x64.ActiveCfg = Release|x64
		{48427E2C-D13D-4F66-8B9A-DDD535AC5457}.Release|x64.Build.0 = Release|x64
		{48427E2C-D13D-4F66-8B9A-DDD535AC5457}.Release|x86.ActiveCfg = Release|Win32
		{48427E2C-D13D-4F66-8B9A-DDD535AC5457}.Release|x86.Build.0 = Release|Win32
		{08B7F58E-BE72-44B0-AFBE-AC914F76D080}.Debug|Any CPU.ActiveCfg = Debug|x64
		{08B7F58E-BE72-44B0-AFBE-AC914F76D080}.Debug|Any CPU.Build.0 = Debug|x64
		{08B7F58E-BE72-44B0-AFBE-AC914F76D080}.Debug|x64.ActiveCfg = Debug|x64
		{08B7F58E-BE72-44B0-AFBE-AC914F76D080}.Debug|x64.Build.0 = Debug|x64
		{08B7F58E-BE72-44B0-AFBE-AC914F76D080}.Debug|x86.ActiveCfg = Debug|Win32
		{08B7F58E-BE72-44B0-AFBE-AC914F76D080}.Debug|x86.Build.0 = Debug|Win32
		{08B7F58E-BE72-44B0-AFBE-AC914F76D080}.Release|Any CPU.ActiveCfg = Release|x64
		{08B7F58E-BE72-44B0-AFBE-AC914F76D080}.Release|Any CPU.Build.0 = Release|x64
		{08B7F58E-BE72-44B0-AFBE-AC914F76D080}.Release|x64.ActiveCfg = Release|x64
		{08B7F58E-BE72-44B0-AFBE-AC914F76D080}.Release|x64.Build.0 = Release|x64
		{08B7F58E-BE72-44B0-AFBE-AC914F76D080}.Release|x86.ActiveCfg = Release|Win32
		{08B7F58E-BE72-44B0-AFBE-AC914F76D080}.Release|x86.Build.0 = Release|Win32
		{D19ABC87-51A3-4F20-AA0C-BF1388F7796D}.Debug|Any CPU.ActiveCfg = Debug|x64
		{D19ABC87-51A3-4F20-AA0C-BF1388F7796D}.Debug|Any CPU.Build.0 = Debug|x64
		{D19ABC87-51A3-4F20-AA0C-BF1388F7796D}.Debug|x64.ActiveCfg = Debug|x64
		{D19ABC87-51A3-4F20-AA0C-BF1388F7796D}.Debug|x64.Build.0 = Debug|x64
		{D19ABC87-51A3-4F20-AA0C-BF1388F7796D}.Debug|x86.ActiveCfg = Debug|Win32
		{D19ABC87-51A3-4F20-AA0C-BF1388F7796D}.Debug|x86.Build.0 = Debug|Win32
		{D19ABC87-51A3-4F20-AA0C-BF1388F7796D}.Release|Any CPU.ActiveCfg = Release|x64
		{D19ABC87-51A3-4F20-AA0C-BF1388F7796D}.Release|Any CPU.Build.0 = Release|x64
		{D19ABC87-51A3-4F20-AA0C-BF1388F7796D}.Release|x64.ActiveCfg = Release|x64
		{D19ABC87-51A3-4F20-AA0C-BF1388F7796D}.Release|x64.Build.0 = Release|x64
		{D19ABC87-51A3-4F20-AA0C-BF1388F7796D}.Release|x86.ActiveCfg = Release|Win32
		{D19ABC87-51A3-4F20-AA0C-BF1388F7796D}.Release|x86.Build.0 = Release|Win32
		{4764BA45-1813-4409-8C73-78450FF2A48C}.Debug|Any CPU.ActiveCfg = Debug|x64
		{4764BA45-1813-4409-8C73-78450FF2A48C}.Debug|Any CPU.Build.0 = Debug|x64
		{4764BA45-1813-4409-8C73-78450FF2A48C}.Debug|x64.ActiveCfg = Debug|x64
		{4764BA45-1813-4409-8C73-78450FF2A48C}.Debug|x64.Build.0 = Debug|x64
		{4764BA45-1813-4409-8C73-78450FF2A48C}.Debug|x86.ActiveCfg = Debug|Win32
		{4764BA45-1813-4409-8C73-78450FF2A48C}.Debug|x86.Build.0 = Debug|Win32
		{4764BA45-1813-4409-8C73-78450FF2A48C}.Release|Any CPU.ActiveCfg = Release|x64
		{4764BA45-1813-4409-8C73-78450FF2A48C}.Release|Any CPU.Build.0 = Release|x64
		{4764BA45-1813-4409-8C73-78450FF2A48C}.Release|x64.ActiveCfg = Release|x64
		{4764BA45-1813-4409-8C73-78450FF2A48C}.Release|x64.Build.0 = Release|x64
		{4764BA45-1813-4409-8C73-78450FF2A48C}.Release|x86.ActiveCfg = Release|Win32
		{4764BA45-1813-4409-8C73-78450FF2A48C}.Release|x86.Build.0 = Release|Win32
		{8B209A5F-085C-4DF1-B104-885F50F99FC9}.Debug|Any CPU.ActiveCfg = Debug|x64
		{8B209A5F-085C-4DF1-B104-885F50F99FC9}.Debug|Any CPU.Build.0 = Debug|x64
		{8B209A5F-085C-4DF1-B104-885F50F99FC9}.Debug|x64.ActiveCfg = Debug|x64
		{8B209A5F-085C-4DF1-B104-885F50F99FC9}.Debug|x64.Build.0 = Debug|x64
		{8B209A5F-085C-4DF1-B104-885F50F99FC9}.Debug|x86.ActiveCfg = Debug|Win32
		{8B209A5F-085C-4DF1-B104-885F50F99FC9}.Debug|x86.Build.0 = Debug|Win32
		{8B209A5F-085C-4DF1-B104-885F50F99FC9}.Release|Any CPU.ActiveCfg = Release|x64
		{8B209A5F-085C-4DF1-B104-885F50F99FC9}.Release|Any CPU.Build.0 = Release|x64
		{8B209A5F-085C-4DF1-B104-885F50F99FC9}.Release|x64.ActiveCfg = Release|x64
		{8B209A5F-085C-4DF1-B104-885F50F99FC9}.Release|x64.Build.0 = Release|x64
		{8B209A5F-085C-4DF1-B104-885F50F99FC9}.Release|x86.ActiveCfg = Release|Win32
		{8B209A5F-085C-4DF1-B104-885F50F99FC9}.Release|x86.Build.0 = Release|Win32
	EndGlobalSection
	GlobalSection(SolutionProperties) = preSolution
		HideSolutionNode = FALSE
	EndGlobalSection
	GlobalSection(NestedProjects) = preSolution
		{179D626A-119D-456F-9AE4-5E8DC0F72840} = {4E7BD4D3-6268-4EAE-A637-5F508A76C565}
		{D3686773-1AE5-42BA-A192-274E3D02359D} = {4E7BD4D3-6268-4EAE-A637-5F508A76C565}
		{7A2CC198-110C-4509-9E5A-5F2F8F9F04FA} = {65178BCD-9F09-455D-B7FA-E41DEB36C8F5}
		{752CE051-F28F-411A-9005-BB2655DEF5DC} = {65178BCD-9F09-455D-B7FA-E41DEB36C8F5}
		{57F772AE-F7D0-411F-BB9D-18DEAA5CDD08} = {33B4AB70-BC05-4240-8815-A76208199A01}
		{382E4ED1-0382-4657-AFB1-E89AFCF90700} = {EAC824D6-1EBF-4998-8E4A-E14DB0158DD7}
		{445966EC-25F1-4976-89AA-040904E725F4} = {B4C2D54A-1A3F-458A-8ADA-A540D590CD5E}
		{01AEC8A0-B9A3-4998-BD40-F0EAFD123EF3} = {B4C2D54A-1A3F-458A-8ADA-A540D590CD5E}
		{26C63B44-D5B6-4FFE-BEE0-789671EC45F2} = {AAC79D53-AA8F-4556-8B2C-9C86E8D1A724}
		{7BAC2EC9-D473-44F3-B503-3B0B80EA26E4} = {201F9C5E-F7E3-488D-B1A5-A12F5106B52F}
		{665CC2D3-990D-4444-AF34-3537FAEBB0C7} = {201F9C5E-F7E3-488D-B1A5-A12F5106B52F}
		{635ED187-3B38-43D8-A6DE-72B289EDAED5} = {49114BA4-1314-485C-88EB-306846D547BF}
		{3F65DD02-4128-4155-8B23-FB48F1CFE4E2} = {556B4ECD-D7F7-42B6-913D-DCF395B14599}
		{6D346DF5-8CC7-49E5-AE2B-D3EDC6271624} = {2E771EF6-1800-40EF-AE36-369D48A37471}
		{BE51E142-9BBD-4D16-8936-2BC8243185A1} = {556B4ECD-D7F7-42B6-913D-DCF395B14599}
		{A11FFFB7-CAA6-4310-BB19-C487D5D76F3B} = {EA57C6A6-42F5-402F-A417-EEE9F42BE6B9}
		{08B7F58E-BE72-44B0-AFBE-AC914F76D080} = {28B4A6E9-E4CF-4FBC-A53B-097BA845F761}
	EndGlobalSection
	GlobalSection(ExtensibilityGlobals) = postSolution
		SolutionGuid = {E8032001-EC48-4EE4-9BD4-A83729D38CF0}
	EndGlobalSection
EndGlobal
