
Microsoft Visual Studio Solution File, Format Version 12.00
# Visual Studio Version 16
VisualStudioVersion = 16.0.30717.126
MinimumVisualStudioVersion = 10.0.40219.1
Project("{8BC9CEB8-8B4A-11D0-8D11-00A0C91BC942}") = "chess_sq", "ClassEdu10\ClassEdu10.vcxproj", "{179D626A-119D-456F-9AE4-5E8DC0F72840}"
EndProject
Project("{2150E333-8FDC-42A3-9474-1A3956D46DE8}") = "17 lesson", "17 lesson", "{4E7BD4D3-6268-4EAE-A637-5F508A76C565}"
EndProject
Project("{8BC9CEB8-8B4A-11D0-8D11-00A0C91BC942}") = "formatter", "formatter\formatter.vcxproj", "{D3686773-1AE5-42BA-A192-274E3D02359D}"
EndProject
Project("{2150E333-8FDC-42A3-9474-1A3956D46DE8}") = "16 lesson", "16 lesson", "{9E627FD0-10E9-41F8-A008-18100CC3A805}"
EndProject
Project("{2150E333-8FDC-42A3-9474-1A3956D46DE8}") = "18 lesson", "18 lesson", "{65178BCD-9F09-455D-B7FA-E41DEB36C8F5}"
EndProject
Project("{8BC9CEB8-8B4A-11D0-8D11-00A0C91BC942}") = "TicTackToe", "TicTackToe\TicTackToe.vcxproj", "{7A2CC198-110C-4509-9E5A-5F2F8F9F04FA}"
EndProject
Project("{8BC9CEB8-8B4A-11D0-8D11-00A0C91BC942}") = "samples18", "samples18\samples18.vcxproj", "{752CE051-F28F-411A-9005-BB2655DEF5DC}"
EndProject
Project("{2150E333-8FDC-42A3-9474-1A3956D46DE8}") = "19 lesson", "19 lesson", "{33B4AB70-BC05-4240-8815-A76208199A01}"
EndProject
Project("{8BC9CEB8-8B4A-11D0-8D11-00A0C91BC942}") = "samples19", "samples19\samples19.vcxproj", "{57F772AE-F7D0-411F-BB9D-18DEAA5CDD08}"
EndProject
Global
	GlobalSection(SolutionConfigurationPlatforms) = preSolution
		Debug|x64 = Debug|x64
		Debug|x86 = Debug|x86
		Release|x64 = Release|x64
		Release|x86 = Release|x86
	EndGlobalSection
	GlobalSection(ProjectConfigurationPlatforms) = postSolution
		{179D626A-119D-456F-9AE4-5E8DC0F72840}.Debug|x64.ActiveCfg = Debug|x64
		{179D626A-119D-456F-9AE4-5E8DC0F72840}.Debug|x64.Build.0 = Debug|x64
		{179D626A-119D-456F-9AE4-5E8DC0F72840}.Debug|x86.ActiveCfg = Debug|Win32
		{179D626A-119D-456F-9AE4-5E8DC0F72840}.Debug|x86.Build.0 = Debug|Win32
		{179D626A-119D-456F-9AE4-5E8DC0F72840}.Release|x64.ActiveCfg = Release|x64
		{179D626A-119D-456F-9AE4-5E8DC0F72840}.Release|x64.Build.0 = Release|x64
		{179D626A-119D-456F-9AE4-5E8DC0F72840}.Release|x86.ActiveCfg = Release|Win32
		{179D626A-119D-456F-9AE4-5E8DC0F72840}.Release|x86.Build.0 = Release|Win32
		{D3686773-1AE5-42BA-A192-274E3D02359D}.Debug|x64.ActiveCfg = Debug|x64
		{D3686773-1AE5-42BA-A192-274E3D02359D}.Debug|x64.Build.0 = Debug|x64
		{D3686773-1AE5-42BA-A192-274E3D02359D}.Debug|x86.ActiveCfg = Debug|Win32
		{D3686773-1AE5-42BA-A192-274E3D02359D}.Debug|x86.Build.0 = Debug|Win32
		{D3686773-1AE5-42BA-A192-274E3D02359D}.Release|x64.ActiveCfg = Release|x64
		{D3686773-1AE5-42BA-A192-274E3D02359D}.Release|x64.Build.0 = Release|x64
		{D3686773-1AE5-42BA-A192-274E3D02359D}.Release|x86.ActiveCfg = Release|Win32
		{D3686773-1AE5-42BA-A192-274E3D02359D}.Release|x86.Build.0 = Release|Win32
		{7A2CC198-110C-4509-9E5A-5F2F8F9F04FA}.Debug|x64.ActiveCfg = Debug|x64
		{7A2CC198-110C-4509-9E5A-5F2F8F9F04FA}.Debug|x64.Build.0 = Debug|x64
		{7A2CC198-110C-4509-9E5A-5F2F8F9F04FA}.Debug|x86.ActiveCfg = Debug|Win32
		{7A2CC198-110C-4509-9E5A-5F2F8F9F04FA}.Debug|x86.Build.0 = Debug|Win32
		{7A2CC198-110C-4509-9E5A-5F2F8F9F04FA}.Release|x64.ActiveCfg = Release|x64
		{7A2CC198-110C-4509-9E5A-5F2F8F9F04FA}.Release|x64.Build.0 = Release|x64
		{7A2CC198-110C-4509-9E5A-5F2F8F9F04FA}.Release|x86.ActiveCfg = Release|Win32
		{7A2CC198-110C-4509-9E5A-5F2F8F9F04FA}.Release|x86.Build.0 = Release|Win32
		{752CE051-F28F-411A-9005-BB2655DEF5DC}.Debug|x64.ActiveCfg = Debug|x64
		{752CE051-F28F-411A-9005-BB2655DEF5DC}.Debug|x64.Build.0 = Debug|x64
		{752CE051-F28F-411A-9005-BB2655DEF5DC}.Debug|x86.ActiveCfg = Debug|Win32
		{752CE051-F28F-411A-9005-BB2655DEF5DC}.Debug|x86.Build.0 = Debug|Win32
		{752CE051-F28F-411A-9005-BB2655DEF5DC}.Release|x64.ActiveCfg = Release|x64
		{752CE051-F28F-411A-9005-BB2655DEF5DC}.Release|x64.Build.0 = Release|x64
		{752CE051-F28F-411A-9005-BB2655DEF5DC}.Release|x86.ActiveCfg = Release|Win32
		{752CE051-F28F-411A-9005-BB2655DEF5DC}.Release|x86.Build.0 = Release|Win32
		{57F772AE-F7D0-411F-BB9D-18DEAA5CDD08}.Debug|x64.ActiveCfg = Debug|x64
		{57F772AE-F7D0-411F-BB9D-18DEAA5CDD08}.Debug|x64.Build.0 = Debug|x64
		{57F772AE-F7D0-411F-BB9D-18DEAA5CDD08}.Debug|x86.ActiveCfg = Debug|Win32
		{57F772AE-F7D0-411F-BB9D-18DEAA5CDD08}.Debug|x86.Build.0 = Debug|Win32
		{57F772AE-F7D0-411F-BB9D-18DEAA5CDD08}.Release|x64.ActiveCfg = Release|x64
		{57F772AE-F7D0-411F-BB9D-18DEAA5CDD08}.Release|x64.Build.0 = Release|x64
		{57F772AE-F7D0-411F-BB9D-18DEAA5CDD08}.Release|x86.ActiveCfg = Release|Win32
		{57F772AE-F7D0-411F-BB9D-18DEAA5CDD08}.Release|x86.Build.0 = Release|Win32
	EndGlobalSection
	GlobalSection(SolutionProperties) = preSolution
		HideSolutionNode = FALSE
	EndGlobalSection
	GlobalSection(NestedProjects) = preSolution
		{179D626A-119D-456F-9AE4-5E8DC0F72840} = {4E7BD4D3-6268-4EAE-A637-5F508A76C565}
		{D3686773-1AE5-42BA-A192-274E3D02359D} = {4E7BD4D3-6268-4EAE-A637-5F508A76C565}
		{7A2CC198-110C-4509-9E5A-5F2F8F9F04FA} = {65178BCD-9F09-455D-B7FA-E41DEB36C8F5}
		{752CE051-F28F-411A-9005-BB2655DEF5DC} = {65178BCD-9F09-455D-B7FA-E41DEB36C8F5}
		{57F772AE-F7D0-411F-BB9D-18DEAA5CDD08} = {33B4AB70-BC05-4240-8815-A76208199A01}
	EndGlobalSection
	GlobalSection(ExtensibilityGlobals) = postSolution
		SolutionGuid = {E8032001-EC48-4EE4-9BD4-A83729D38CF0}
	EndGlobalSection
EndGlobal
